{
  "version": 1,
  "dependencies": {
    "net10.0": {
      "Microsoft.Kiota.Bundle": {
        "type": "Direct",
        "requested": "[1.20.1, )",
        "resolved": "1.20.1",
        "contentHash": "UlEyxmJYSqiG+A5RIMHEfRbNAkoEYZuFtwRbYkewtooFZcONlZ6KGNBxBh0Wx3ayFrqKaPKDE/ZV5Ow8TCP+zw==",
        "dependencies": {
          "Microsoft.Kiota.Abstractions": "1.20.1",
          "Microsoft.Kiota.Http.HttpClientLibrary": "1.20.1",
          "Microsoft.Kiota.Serialization.Form": "1.20.1",
          "Microsoft.Kiota.Serialization.Json": "1.20.1",
          "Microsoft.Kiota.Serialization.Multipart": "1.20.1",
          "Microsoft.Kiota.Serialization.Text": "1.20.1"
        }
      },
      "Microsoft.Kiota.Abstractions": {
        "type": "Transitive",
        "resolved": "1.20.1",
        "contentHash": "bv1n2gnxA/O+1a26h3YB6bgcc3ZSLCjRumMh7sVkFmksLaVonhcrJpUrEtBlnnYPrnHwzm/1BYQnYjCVG7A+fA==",
        "dependencies": {
          "Std.UriTemplate": "2.0.5"
        }
      },
      "Microsoft.Kiota.Http.HttpClientLibrary": {
        "type": "Transitive",
        "resolved": "1.20.1",
        "contentHash": "pQzs+9n3QAG/FKFwgIaRE0EqOXfW3rWliOdk9XZbghyRdeAtiQjSbJbpascdZlf7uatLpPYA145q6MYpLxvsgA==",
        "dependencies": {
          "Microsoft.Kiota.Abstractions": "1.20.1"
        }
      },
      "Microsoft.Kiota.Serialization.Form": {
        "type": "Transitive",
        "resolved": "1.20.1",
        "contentHash": "n7izb8GZSoatmFSpMaHmh78U3oW+YdYb2gDwhkG86COHuiGWV9s0BKBeUlFakAV00CDwaH9iFqxCQ0veYVkG1A==",
        "dependencies": {
          "Microsoft.Kiota.Abstractions": "1.20.1"
        }
      },
      "Microsoft.Kiota.Serialization.Json": {
        "type": "Transitive",
        "resolved": "1.20.1",
        "contentHash": "4MumZe45DI/o1YP+hq7wyArOHDhjkSiu14ysN4xWKe6vwlu43BUYydA/yT0CtjoPwbFW/6jfx/NVSvM3DzBzbg==",
        "dependencies": {
          "Microsoft.Kiota.Abstractions": "1.20.1"
        }
      },
      "Microsoft.Kiota.Serialization.Multipart": {
        "type": "Transitive",
        "resolved": "1.20.1",
        "contentHash": "tP7ZxA1zsIi3FE8CHwfA5JnzlW1NYld+LpFihFq+S7IXFDv1x37I968lPKGIdEpWW9vWacuqDQVKIyJiKZ257A==",
        "dependencies": {
          "Microsoft.Kiota.Abstractions": "1.20.1"
        }
      },
      "Microsoft.Kiota.Serialization.Text": {
        "type": "Transitive",
        "resolved": "1.20.1",
        "contentHash": "Cue4l9AeU0WgL2CdUW8K58BMwQOyiHgT7aCov2qGEKpmpeWQj7cmAWCgxDfPHYPkZtz1Ccbrw4/6KrDgCmrC3Q==",
        "dependencies": {
          "Microsoft.Kiota.Abstractions": "1.20.1"
        }
      },
      "Std.UriTemplate": {
        "type": "Transitive",
        "resolved": "2.0.5",
        "contentHash": "PtqPdWNBObRcDHjyjbgOz2XoCJQaiA+HNDPQve/O7yGCkospfHDCuH9ULVx1msImwHHG+uhpDjiZX7bpLN/cnw=="
      }
    }
  }
}